
Microsoft Visual Studio Solution File, Format Version 12.00
# Visual Studio Version 17
VisualStudioVersion = 17.1.32414.318
MinimumVisualStudioVersion = 10.0.40219.1
Project("{FAE04EC0-301F-11D3-BF4B-00C04F79EFBC}") = "P01_StudentSystem", "FootballBetting\P01_StudentSystem.csproj", "{2C88C138-B945-4B88-AE18-B1391C0CE25B}"
EndProject
Project("{FAE04EC0-301F-11D3-BF4B-00C04F79EFBC}") = "P01_StudentSystem.Data", "Library1\P01_StudentSystem.Data.csproj", "{535C369C-F160-42AF-B37B-9105E81B6F4A}"
EndProject
Project("{FAE04EC0-301F-11D3-BF4B-00C04F79EFBC}") = "P01_StudentSystem.Data.Models", "Library\P01_StudentSystem.Data.Models.csproj", "{B4584613-8404-494A-B9EC-91CFBDD64E62}"
EndProject
Global
	GlobalSection(SolutionConfigurationPlatforms) = preSolution
		Debug|Any CPU = Debug|Any CPU
		Release|Any CPU = Release|Any CPU
	EndGlobalSection
	GlobalSection(ProjectConfigurationPlatforms) = postSolution
		{2C88C138-B945-4B88-AE18-B1391C0CE25B}.Debug|Any CPU.ActiveCfg = Debug|Any CPU
		{2C88C138-B945-4B88-AE18-B1391C0CE25B}.Debug|Any CPU.Build.0 = Debug|Any CPU
		{2C88C138-B945-4B88-AE18-B1391C0CE25B}.Release|Any CPU.ActiveCfg = Release|Any CPU
		{2C88C138-B945-4B88-AE18-B1391C0CE25B}.Release|Any CPU.Build.0 = Release|Any CPU
		{535C369C-F160-42AF-B37B-9105E81B6F4A}.Debug|Any CPU.ActiveCfg = Debug|Any CPU
		{535C369C-F160-42AF-B37B-9105E81B6F4A}.Debug|Any CPU.Build.0 = Debug|Any CPU
		{535C369C-F160-42AF-B37B-9105E81B6F4A}.Release|Any CPU.ActiveCfg = Release|Any CPU
		{535C369C-F160-42AF-B37B-9105E81B6F4A}.Release|Any CPU.Build.0 = Release|Any CPU
		{B4584613-8404-494A-B9EC-91CFBDD64E62}.Debug|Any CPU.ActiveCfg = Debug|Any CPU
		{B4584613-8404-494A-B9EC-91CFBDD64E62}.Debug|Any CPU.Build.0 = Debug|Any CPU
		{B4584613-8404-494A-B9EC-91CFBDD64E62}.Release|Any CPU.ActiveCfg = Release|Any CPU
		{B4584613-8404-494A-B9EC-91CFBDD64E62}.Release|Any CPU.Build.0 = Release|Any CPU
	EndGlobalSection
	GlobalSection(SolutionProperties) = preSolution
		HideSolutionNode = FALSE
	EndGlobalSection
	GlobalSection(ExtensibilityGlobals) = postSolution
		SolutionGuid = {BF301856-E1F9-4A9C-8731-0E246E8AA41A}
	EndGlobalSection
EndGlobal
